
Microsoft Visual Studio Solution File, Format Version 12.00
# Visual Studio Version 16
VisualStudioVersion = 16.0.30803.129
MinimumVisualStudioVersion = 10.0.40219.1
Project("{9A19103F-16F7-4668-BE54-9A1E7A4F7556}") = "front-end", "front-end\front-end.csproj", "{5478D635-22B5-4166-89AA-5C4CF4E40DEB}"
EndProject
Project("{9A19103F-16F7-4668-BE54-9A1E7A4F7556}") = "back-end", "back-end\back-end.csproj", "{398E3D59-6C61-4C7D-B1EB-F4A57A5EACB2}"
EndProject
Global
	GlobalSection(SolutionConfigurationPlatforms) = preSolution
		Debug|Any CPU = Debug|Any CPU
		Release|Any CPU = Release|Any CPU
	EndGlobalSection
	GlobalSection(ProjectConfigurationPlatforms) = postSolution
		{5478D635-22B5-4166-89AA-5C4CF4E40DEB}.Debug|Any CPU.ActiveCfg = Debug|Any CPU
		{5478D635-22B5-4166-89AA-5C4CF4E40DEB}.Debug|Any CPU.Build.0 = Debug|Any CPU
		{5478D635-22B5-4166-89AA-5C4CF4E40DEB}.Release|Any CPU.ActiveCfg = Release|Any CPU
		{5478D635-22B5-4166-89AA-5C4CF4E40DEB}.Release|Any CPU.Build.0 = Release|Any CPU
		{398E3D59-6C61-4C7D-B1EB-F4A57A5EACB2}.Debug|Any CPU.ActiveCfg = Debug|Any CPU
		{398E3D59-6C61-4C7D-B1EB-F4A57A5EACB2}.Debug|Any CPU.Build.0 = Debug|Any CPU
		{398E3D59-6C61-4C7D-B1EB-F4A57A5EACB2}.Release|Any CPU.ActiveCfg = Release|Any CPU
		{398E3D59-6C61-4C7D-B1EB-F4A57A5EACB2}.Release|Any CPU.Build.0 = Release|Any CPU
	EndGlobalSection
	GlobalSection(SolutionProperties) = preSolution
		HideSolutionNode = FALSE
	EndGlobalSection
	GlobalSection(ExtensibilityGlobals) = postSolution
		SolutionGuid = {6B00AC41-A862-42DA-A697-6EDB1471AD50}
	EndGlobalSection
EndGlobal
